<?xml version="1.0" encoding="utf-8"?>
<Project ToolsVersion="4.0" xmlns="http://schemas.microsoft.com/developer/msbuild/2003">
  <ItemGroup>
    <Filter Include="源文件">
      <UniqueIdentifier>{b9913f03-cae0-4997-882f-88d60c425435}</UniqueIdentifier>
    </Filter>
    <Filter Include="头文件">
      <UniqueIdentifier>{65d4efb1-17cd-447b-9440-c93848379409}</UniqueIdentifier>
    </Filter>
  </ItemGroup>
  <ItemGroup>
    <ClInclude Include="DroneScheduler.h">
      <Filter>头文件</Filter>
    </ClInclude>
    <ClInclude Include="InitialSolutionGenerator.h">
      <Filter>头文件</Filter>
    </ClInclude>
    <ClInclude Include="LocalSearchOperators.h">
      <Filter>头文件</Filter>
    </ClInclude>
    <ClInclude Include="PerturbationOperators.h">
      <Filter>头文件</Filter>
    </ClInclude>
    <ClInclude Include="TSPDS_Params.h">
      <Filter>头文件</Filter>
    </ClInclude>
    <ClInclude Include="TSPDSGraph.h">
      <Filter>头文件</Filter>
    </ClInclude>
    <ClInclude Include="TSPDSSolution.h">
      <Filter>头文件</Filter>
    </ClInclude>
    <ClInclude Include="TSPDSSolver.h">
      <Filter>头文件</Filter>
    </ClInclude>
    <ClInclude Include="VNSLogger.h">
      <Filter>头文件</Filter>
    </ClInclude>
    <ClInclude Include="TSPDSUtils.h">
      <Filter>头文件</Filter>
    </ClInclude>
    <ClInclude Include="LKH_LIB\framework.h" />
    <ClInclude Include="LKH_LIB\LKH_interface.h" />
    <ClInclude Include="LKH_LIB\pch.h" />
    <ClInclude Include="CplexF2Solver.h">
      <Filter>头文件</Filter>
    </ClInclude>
    <ClInclude Include="CplexBendersSolver.h">
      <Filter>头文件</Filter>
    </ClInclude>
    <ClInclude Include="TSPDSSolutionValidator.h">
      <Filter>头文件</Filter>
    </ClInclude>
  </ItemGroup>
  <ItemGroup>
    <ClCompile Include="DroneScheduler.cpp">
      <Filter>源文件</Filter>
    </ClCompile>
    <ClCompile Include="InitialSolutionGenerator.cpp">
      <Filter>源文件</Filter>
    </ClCompile>
    <ClCompile Include="LocalSearchOperators.cpp">
      <Filter>源文件</Filter>
    </ClCompile>
    <ClCompile Include="PerturbationOperators.cpp">
      <Filter>源文件</Filter>
    </ClCompile>
    <ClCompile Include="TSPDS-main.cpp">
      <Filter>源文件</Filter>
    </ClCompile>
    <ClCompile Include="TSPDSSolver.cpp">
      <Filter>源文件</Filter>
    </ClCompile>
    <ClCompile Include="TSPDSUtils.cpp">
      <Filter>源文件</Filter>
    </ClCompile>
    <ClCompile Include="VNSLogger.cpp">
      <Filter>源文件</Filter>
    </ClCompile>
    <ClCompile Include="LKH_LIB\Activate.c" />
    <ClCompile Include="LKH_LIB\AddCandidate.c" />
    <ClCompile Include="LKH_LIB\AddExtraCandidates.c" />
    <ClCompile Include="LKH_LIB\AddTourCandidates.c" />
    <ClCompile Include="LKH_LIB\AdjustCandidateSet.c" />
    <ClCompile Include="LKH_LIB\AdjustClusters.c" />
    <ClCompile Include="LKH_LIB\AllocateStructures.c" />
    <ClCompile Include="LKH_LIB\Ascent.c" />
    <ClCompile Include="LKH_LIB\Best2OptMove.c" />
    <ClCompile Include="LKH_LIB\Best3OptMove.c" />
    <ClCompile Include="LKH_LIB\Best4OptMove.c" />
    <ClCompile Include="LKH_LIB\Best5OptMove.c" />
    <ClCompile Include="LKH_LIB\BestKOptMove.c" />
    <ClCompile Include="LKH_LIB\BestSpecialOptMove.c" />
    <ClCompile Include="LKH_LIB\Between.c" />
    <ClCompile Include="LKH_LIB\Between_SL.c" />
    <ClCompile Include="LKH_LIB\Between_SSL.c" />
    <ClCompile Include="LKH_LIB\BIT.c" />
    <ClCompile Include="LKH_LIB\BridgeGain.c" />
    <ClCompile Include="LKH_LIB\BuildKDTree.c" />
    <ClCompile Include="LKH_LIB\C.c" />
    <ClCompile Include="LKH_LIB\CandidateReport.c" />
    <ClCompile Include="LKH_LIB\ChooseInitialTour.c" />
    <ClCompile Include="LKH_LIB\Connect.c" />
    <ClCompile Include="LKH_LIB\Create_POPMUSIC_CandidateSet.c" />
    <ClCompile Include="LKH_LIB\CreateCandidateSet.c" />
    <ClCompile Include="LKH_LIB\CreateDelaunayCandidateSet.c" />
    <ClCompile Include="LKH_LIB\CreateNNCandidateSet.c" />
    <ClCompile Include="LKH_LIB\CreateQuadrantCandidateSet.c" />
    <ClCompile Include="LKH_LIB\CTSP_InitialTour.c" />
    <ClCompile Include="LKH_LIB\CVRP_InitialTour.c" />
    <ClCompile Include="LKH_LIB\Delaunay.c" />
    <ClCompile Include="LKH_LIB\Distance.c" />
    <ClCompile Include="LKH_LIB\Distance_MTSP.c" />
    <ClCompile Include="LKH_LIB\Distance_SOP.c" />
    <ClCompile Include="LKH_LIB\Distance_SPECIAL.c" />
    <ClCompile Include="LKH_LIB\eprintf.c" />
    <ClCompile Include="LKH_LIB\ERXT.c" />
    <ClCompile Include="LKH_LIB\Excludable.c" />
    <ClCompile Include="LKH_LIB\Exclude.c" />
    <ClCompile Include="LKH_LIB\FindTour.c" />
    <ClCompile Include="LKH_LIB\FixedOrCommonCandidates.c" />
    <ClCompile Include="LKH_LIB\Flip.c" />
    <ClCompile Include="LKH_LIB\Flip_SL.c" />
    <ClCompile Include="LKH_LIB\Flip_SSL.c" />
    <ClCompile Include="LKH_LIB\Forbidden.c" />
    <ClCompile Include="LKH_LIB\FreeStructures.c" />
    <ClCompile Include="LKH_LIB\fscanint.c" />
    <ClCompile Include="LKH_LIB\Gain23.c" />
    <ClCompile Include="LKH_LIB\GCTSP_InitialTour.c" />
    <ClCompile Include="LKH_LIB\GenerateCandidates.c" />
    <ClCompile Include="LKH_LIB\Genetic.c" />
    <ClCompile Include="LKH_LIB\GeoConversion.c" />
    <ClCompile Include="LKH_LIB\GetTime.c" />
    <ClCompile Include="LKH_LIB\gpx.c" />
    <ClCompile Include="LKH_LIB\GreedyTour.c" />
    <ClCompile Include="LKH_LIB\Hashing.c" />
    <ClCompile Include="LKH_LIB\Heap.c" />
    <ClCompile Include="LKH_LIB\Improvement.c" />
    <ClCompile Include="LKH_LIB\IsBackboneCandidate.c" />
    <ClCompile Include="LKH_LIB\IsCandidate.c" />
    <ClCompile Include="LKH_LIB\IsCommonEdge.c" />
    <ClCompile Include="LKH_LIB\IsPossibleCandidate.c" />
    <ClCompile Include="LKH_LIB\KSwapKick.c" />
    <ClCompile Include="LKH_LIB\LinKernighan.c" />
    <ClCompile Include="LKH_LIB\LKH.c" />
    <ClCompile Include="LKH_LIB\LKH_LIB.cpp" />
    <ClCompile Include="LKH_LIB\LKHmain.c" />
    <ClCompile Include="LKH_LIB\Make2OptMove.c" />
    <ClCompile Include="LKH_LIB\Make3OptMove.c" />
    <ClCompile Include="LKH_LIB\Make4OptMove.c" />
    <ClCompile Include="LKH_LIB\Make5OptMove.c" />
    <ClCompile Include="LKH_LIB\MakeKOptMove.c" />
    <ClCompile Include="LKH_LIB\MergeTourWithBestTour.c" />
    <ClCompile Include="LKH_LIB\MergeWithTourCLARIST.c" />
    <ClCompile Include="LKH_LIB\MergeWithTourGPX2.c" />
    <ClCompile Include="LKH_LIB\MergeWithTourIPT.c" />
    <ClCompile Include="LKH_LIB\Minimum1TreeCost.c" />
    <ClCompile Include="LKH_LIB\MinimumSpanningTree.c" />
    <ClCompile Include="LKH_LIB\MTSP_InitialTour.c" />
    <ClCompile Include="LKH_LIB\MTSP_Report.c" />
    <ClCompile Include="LKH_LIB\MTSP_WriteSolution.c" />
    <ClCompile Include="LKH_LIB\MTSP2TSP.c" />
    <ClCompile Include="LKH_LIB\NormalizeNodeList.c" />
    <ClCompile Include="LKH_LIB\NormalizeSegmentList.c" />
    <ClCompile Include="LKH_LIB\OrderCandidateSet.c" />
    <ClCompile Include="LKH_LIB\PatchCycles.c" />
    <ClCompile Include="LKH_LIB\pch.cpp" />
    <ClCompile Include="LKH_LIB\PCTSP_InitialTour.c" />
    <ClCompile Include="LKH_LIB\PCTSP_RepairTour.c" />
    <ClCompile Include="LKH_LIB\PDPTW_Reduce.c" />
    <ClCompile Include="LKH_LIB\Penalty_1_PDTSP.c" />
    <ClCompile Include="LKH_LIB\Penalty_ACVRP.c" />
    <ClCompile Include="LKH_LIB\Penalty_BWTSP.c" />
    <ClCompile Include="LKH_LIB\Penalty_CBnTSP.c" />
    <ClCompile Include="LKH_LIB\Penalty_CBTSP.c" />
    <ClCompile Include="LKH_LIB\Penalty_CCCTSP.c" />
    <ClCompile Include="LKH_LIB\Penalty_CCVRP.c" />
    <ClCompile Include="LKH_LIB\Penalty_CluVRP.c" />
    <ClCompile Include="LKH_LIB\Penalty_CTSP.c" />
    <ClCompile Include="LKH_LIB\Penalty_CTSP_D.c" />
    <ClCompile Include="LKH_LIB\Penalty_CVRP.c" />
    <ClCompile Include="LKH_LIB\Penalty_CVRPTW.c" />
    <ClCompile Include="LKH_LIB\Penalty_GCTSP.c" />
    <ClCompile Include="LKH_LIB\Penalty_KTSP.c" />
    <ClCompile Include="LKH_LIB\Penalty_M_PDTSP.c" />
    <ClCompile Include="LKH_LIB\Penalty_M1_PDTSP.c" />
    <ClCompile Include="LKH_LIB\Penalty_MLP.c" />
    <ClCompile Include="LKH_LIB\Penalty_MSCTSP.c" />
    <ClCompile Include="LKH_LIB\Penalty_MTSP.c" />
    <ClCompile Include="LKH_LIB\Penalty_OVRP.c" />
    <ClCompile Include="LKH_LIB\Penalty_PCTSP.c" />
    <ClCompile Include="LKH_LIB\Penalty_PDPTW.c" />
    <ClCompile Include="LKH_LIB\Penalty_PDTSP.c" />
    <ClCompile Include="LKH_LIB\Penalty_PDTSPF.c" />
    <ClCompile Include="LKH_LIB\Penalty_PDTSPL.c" />
    <ClCompile Include="LKH_LIB\Penalty_PTSP.c" />
    <ClCompile Include="LKH_LIB\Penalty_RCTVRP.c" />
    <ClCompile Include="LKH_LIB\Penalty_SOP.c" />
    <ClCompile Include="LKH_LIB\Penalty_TRP.c" />
    <ClCompile Include="LKH_LIB\Penalty_TSPDL.c" />
    <ClCompile Include="LKH_LIB\Penalty_TSPPD.c" />
    <ClCompile Include="LKH_LIB\Penalty_TSPTW.c" />
    <ClCompile Include="LKH_LIB\Penalty_VRPB.c" />
    <ClCompile Include="LKH_LIB\Penalty_VRPBTW.c" />
    <ClCompile Include="LKH_LIB\Penalty_VRPPD.c" />
    <ClCompile Include="LKH_LIB\printff.c" />
    <ClCompile Include="LKH_LIB\PrintParameters.c" />
    <ClCompile Include="LKH_LIB\Random.c" />
    <ClCompile Include="LKH_LIB\ReadCandidates.c" />
    <ClCompile Include="LKH_LIB\ReadEdges.c" />
    <ClCompile Include="LKH_LIB\ReadLine.c" />
    <ClCompile Include="LKH_LIB\ReadParameters.c" />
    <ClCompile Include="LKH_LIB\ReadPenalties.c" />
    <ClCompile Include="LKH_LIB\ReadProblem.c" />
    <ClCompile Include="LKH_LIB\RecordBestTour.c" />
    <ClCompile Include="LKH_LIB\RecordBetterTour.c" />
    <ClCompile Include="LKH_LIB\RemoveFirstActive.c" />
    <ClCompile Include="LKH_LIB\ResetCandidateSet.c" />
    <ClCompile Include="LKH_LIB\RestoreTour.c" />
    <ClCompile Include="LKH_LIB\SegmentSize.c" />
    <ClCompile Include="LKH_LIB\Sequence.c" />
    <ClCompile Include="LKH_LIB\SFCTour.c" />
    <ClCompile Include="LKH_LIB\SINTEF_WriteSolution.c" />
    <ClCompile Include="LKH_LIB\SolveCompressedSubproblem.c" />
    <ClCompile Include="LKH_LIB\SolveDelaunaySubproblems.c" />
    <ClCompile Include="LKH_LIB\SolveKarpSubproblems.c" />
    <ClCompile Include="LKH_LIB\SolveKCenterSubproblems.c" />
    <ClCompile Include="LKH_LIB\SolveKMeansSubproblems.c" />
    <ClCompile Include="LKH_LIB\SolveRoheSubproblems.c" />
    <ClCompile Include="LKH_LIB\SolveSFCSubproblems.c" />
    <ClCompile Include="LKH_LIB\SolveSubproblem.c" />
    <ClCompile Include="LKH_LIB\SolveSubproblemBorderProblems.c" />
    <ClCompile Include="LKH_LIB\SolveTourSegmentSubproblems.c" />
    <ClCompile Include="LKH_LIB\SOP_InitialTour.c" />
    <ClCompile Include="LKH_LIB\SOP_RepairTour.c" />
    <ClCompile Include="LKH_LIB\SOP_Report.c" />
    <ClCompile Include="LKH_LIB\Statistics.c" />
    <ClCompile Include="LKH_LIB\StatusReport.c" />
    <ClCompile Include="LKH_LIB\StoreTour.c" />
    <ClCompile Include="LKH_LIB\STTSP2TSP.c" />
    <ClCompile Include="LKH_LIB\SymmetrizeCandidateSet.c" />
    <ClCompile Include="LKH_LIB\TrimCandidateSet.c" />
    <ClCompile Include="LKH_LIB\TSPDL_InitialTour.c" />
    <ClCompile Include="LKH_LIB\TSPTW_MakespanCost.c" />
    <ClCompile Include="LKH_LIB\TSPTW_Reduce.c" />
    <ClCompile Include="LKH_LIB\VRPB_Reduce.c" />
    <ClCompile Include="LKH_LIB\WriteCandidates.c" />
    <ClCompile Include="LKH_LIB\WritePenalties.c" />
    <ClCompile Include="LKH_LIB\WriteTour.c" />
    <ClCompile Include="CplexF2Solver.cpp">
      <Filter>源文件</Filter>
    </ClCompile>
    <ClCompile Include="CplexBendersSolver.cpp">
      <Filter>源文件</Filter>
    </ClCompile>
    <ClCompile Include="TSPDS-main-anly.cpp">
      <Filter>源文件</Filter>
    </ClCompile>
  </ItemGroup>
  <ItemGroup>
    <None Include="LKH_LIB\LKH_LIB.sln" />
    <None Include="LKH_LIB\LKH_LIB.vcxproj" />
    <None Include="LKH_LIB\LKH_LIB.vcxproj.filters" />
    <None Include="LKH_LIB\LKH_LIB.vcxproj.user" />
    <None Include="LKH_LIB\Makefile" />
  </ItemGroup>
</Project>